
Microsoft Visual Studio Solution File, Format Version 12.00
# Visual Studio Version 17
VisualStudioVersion = 17.14.36301.6
MinimumVisualStudioVersion = 10.0.40219.1
Project("{2150E333-8FDC-42A3-9474-1A3956D46DE8}") = "Services", "Services", "{02EA681E-C7D8-13C7-8484-4AC65E1B71E8}"
EndProject
Project("{2150E333-8FDC-42A3-9474-1A3956D46DE8}") = "Catalog", "Catalog", "{1BA3B866-E570-43FC-903C-FF413A3F0D0B}"
EndProject
Project("{FAE04EC0-301F-11D3-BF4B-00C04F79EFBC}") = "Catalog.API", "Services\Catalog\Catalog.API\Catalog.API.csproj", "{94D78EAE-C8BB-40C2-B07B-8CD2D05F5BDE}"
EndProject
Project("{2150E333-8FDC-42A3-9474-1A3956D46DE8}") = "BuildingBlocks", "BuildingBlocks", "{D25D79A1-1D55-4DCD-9633-95CF7D714B9B}"
EndProject
Project("{FAE04EC0-301F-11D3-BF4B-00C04F79EFBC}") = "BuildingBlocks", "BuildingBlocks\BuildingBlocks\BuildingBlocks.csproj", "{BB7519E7-772A-4DEF-A115-1C66F2FAED11}"
EndProject
Project("{E53339B2-1760-4266-BCC7-CA923CBCF16C}") = "docker-compose", "docker-compose.dcproj", "{81DDED9D-158B-E303-5F62-77A2896D2A5A}"
EndProject
Project("{2150E333-8FDC-42A3-9474-1A3956D46DE8}") = "Basket", "Basket", "{306814E4-A27D-4934-8377-D4676A67D4B3}"
EndProject
Project("{FAE04EC0-301F-11D3-BF4B-00C04F79EFBC}") = "Basket.API", "Services\Basket\Basket.API\Basket.API.csproj", "{E4890F59-80D2-4EDB-8494-3692F7A3AAF7}"
EndProject
Project("{2150E333-8FDC-42A3-9474-1A3956D46DE8}") = "Discount", "Discount", "{4CE7546C-E90C-4A01-97DC-0F1F7E69D2DC}"
EndProject
Project("{FAE04EC0-301F-11D3-BF4B-00C04F79EFBC}") = "Discount.Grpc", "Services\Discount\Discount.Grpc\Discount.Grpc.csproj", "{E98E022D-0DF6-4054-9227-086775DC43F4}"
EndProject
Global
	GlobalSection(SolutionConfigurationPlatforms) = preSolution
		Debug|Any CPU = Debug|Any CPU
		Release|Any CPU = Release|Any CPU
	EndGlobalSection
	GlobalSection(ProjectConfigurationPlatforms) = postSolution
		{94D78EAE-C8BB-40C2-B07B-8CD2D05F5BDE}.Debug|Any CPU.ActiveCfg = Debug|Any CPU
		{94D78EAE-C8BB-40C2-B07B-8CD2D05F5BDE}.Debug|Any CPU.Build.0 = Debug|Any CPU
		{94D78EAE-C8BB-40C2-B07B-8CD2D05F5BDE}.Release|Any CPU.ActiveCfg = Release|Any CPU
		{94D78EAE-C8BB-40C2-B07B-8CD2D05F5BDE}.Release|Any CPU.Build.0 = Release|Any CPU
		{BB7519E7-772A-4DEF-A115-1C66F2FAED11}.Debug|Any CPU.ActiveCfg = Debug|Any CPU
		{BB7519E7-772A-4DEF-A115-1C66F2FAED11}.Debug|Any CPU.Build.0 = Debug|Any CPU
		{BB7519E7-772A-4DEF-A115-1C66F2FAED11}.Release|Any CPU.ActiveCfg = Release|Any CPU
		{BB7519E7-772A-4DEF-A115-1C66F2FAED11}.Release|Any CPU.Build.0 = Release|Any CPU
		{81DDED9D-158B-E303-5F62-77A2896D2A5A}.Debug|Any CPU.ActiveCfg = Debug|Any CPU
		{81DDED9D-158B-E303-5F62-77A2896D2A5A}.Debug|Any CPU.Build.0 = Debug|Any CPU
		{81DDED9D-158B-E303-5F62-77A2896D2A5A}.Release|Any CPU.ActiveCfg = Release|Any CPU
		{81DDED9D-158B-E303-5F62-77A2896D2A5A}.Release|Any CPU.Build.0 = Release|Any CPU
		{E4890F59-80D2-4EDB-8494-3692F7A3AAF7}.Debug|Any CPU.ActiveCfg = Debug|Any CPU
		{E4890F59-80D2-4EDB-8494-3692F7A3AAF7}.Debug|Any CPU.Build.0 = Debug|Any CPU
		{E4890F59-80D2-4EDB-8494-3692F7A3AAF7}.Release|Any CPU.ActiveCfg = Release|Any CPU
		{E4890F59-80D2-4EDB-8494-3692F7A3AAF7}.Release|Any CPU.Build.0 = Release|Any CPU
		{E98E022D-0DF6-4054-9227-086775DC43F4}.Debug|Any CPU.ActiveCfg = Debug|Any CPU
		{E98E022D-0DF6-4054-9227-086775DC43F4}.Debug|Any CPU.Build.0 = Debug|Any CPU
		{E98E022D-0DF6-4054-9227-086775DC43F4}.Release|Any CPU.ActiveCfg = Release|Any CPU
		{E98E022D-0DF6-4054-9227-086775DC43F4}.Release|Any CPU.Build.0 = Release|Any CPU
	EndGlobalSection
	GlobalSection(SolutionProperties) = preSolution
		HideSolutionNode = FALSE
	EndGlobalSection
	GlobalSection(NestedProjects) = preSolution
		{1BA3B866-E570-43FC-903C-FF413A3F0D0B} = {02EA681E-C7D8-13C7-8484-4AC65E1B71E8}
		{94D78EAE-C8BB-40C2-B07B-8CD2D05F5BDE} = {1BA3B866-E570-43FC-903C-FF413A3F0D0B}
		{BB7519E7-772A-4DEF-A115-1C66F2FAED11} = {D25D79A1-1D55-4DCD-9633-95CF7D714B9B}
		{306814E4-A27D-4934-8377-D4676A67D4B3} = {02EA681E-C7D8-13C7-8484-4AC65E1B71E8}
		{E4890F59-80D2-4EDB-8494-3692F7A3AAF7} = {306814E4-A27D-4934-8377-D4676A67D4B3}
		{4CE7546C-E90C-4A01-97DC-0F1F7E69D2DC} = {02EA681E-C7D8-13C7-8484-4AC65E1B71E8}
		{E98E022D-0DF6-4054-9227-086775DC43F4} = {4CE7546C-E90C-4A01-97DC-0F1F7E69D2DC}
	EndGlobalSection
	GlobalSection(ExtensibilityGlobals) = postSolution
		SolutionGuid = {967FD7EF-B6D2-4DA1-9F92-F347637BC8C8}
	EndGlobalSection
EndGlobal
